{
  "name": "charge_uniapp",
  "version": "1.0.0",
  "lockfileVersion": 1,
  "requires": true,
  "dependencies": {
    "crypto-js": {
      "version": "4.0.0",
      "resolved": "https://registry.npm.taobao.org/crypto-js/download/crypto-js-4.0.0.tgz",
      "integrity": "sha1-KQSrJnep0EKFai6i74DekuSjbcw="
    },
    "echarts": {
      "version": "4.2.1",
      "resolved": "https://registry.npmjs.org/echarts/-/echarts-4.2.1.tgz",
      "integrity": "sha512-pw4xScRPsLegD/cqEcoXRKeA2SD4+s+Kyo0Na166NamOWhzNl2yI5RZ2rE97tBlAopNmhyMeBVpAeD5qb+ee1A==",
      "requires": {
        "zrender": "4.0.7"
      }
    },
    "lodash": {
      "version": "4.17.11",
      "resolved": "https://registry.npmjs.org/lodash/-/lodash-4.17.11.tgz",
      "integrity": "sha512-cQKh8igo5QUhZ7lg38DYWAxMvjSAKG0A8wGSVimP07SIUEK2UO+arSRKbRZWtelMtN5V0Hkwh5ryOto/SshYIg=="
    },
    "mpvue-echarts": {
      "version": "0.3.1",
      "resolved": "https://registry.npmjs.org/mpvue-echarts/-/mpvue-echarts-0.3.1.tgz",
      "integrity": "sha512-O7IIyvi9TxcaXJDQuJsiDy6UefTTXF//VFgi3GCCyZ0WSBoPcyU0MpvfeMCPPafl8JxTDIgmlr4cZIxmyozSrA=="
    },
    "resize-detector": {
      "version": "0.1.10",
      "resolved": "https://registry.npmjs.org/resize-detector/-/resize-detector-0.1.10.tgz",
      "integrity": "sha512-iLcXC8A6Fb0DfA+TRiywrK/0A22bFqkhntjMJMEzXDA4XkcEkfwpNbv7W8iewUiD0xYIaeiXOfiEehTqGKsUFw=="
    },
    "vue-echarts": {
      "version": "4.0.3",
      "resolved": "https://registry.npmjs.org/vue-echarts/-/vue-echarts-4.0.3.tgz",
      "integrity": "sha512-voU1VoQWujryfsfZIjGvW1YzoFQ6RWMFpE/LaD/jo51P5c/6QOAMwM+BytG8tgjRzhJQANLZ49kSd3J3vDvM2g==",
      "requires": {
        "lodash": "^4.17.11",
        "resize-detector": "^0.1.10"
      }
    },
    "zrender": {
      "version": "4.0.7",
      "resolved": "https://registry.npmjs.org/zrender/-/zrender-4.0.7.tgz",
      "integrity": "sha512-TNloHe0ums6zxbHfnaCryM61J4IWDajZwNq6dHk9vfWhhysO/OeFvvR0drBs/nbXha2YxSzfQj2FiCd6RVBe+Q=="
    }
  }
}
